// !$*UTF8*$!
{
	archiveVersion = 1;
	classes = {
	};
	objectVersion = 56;
	objects = {

/* Begin PBXBuildFile section */
		5C0439772CE27A0200BF35C0 /* CustomNavBar.swift in Sources */ = {isa = PBXBuildFile; fileRef = 5C0439762CE27A0200BF35C0 /* CustomNavBar.swift */; };
		5C04397F2CE3084200BF35C0 /* FlashSaleCell.swift in Sources */ = {isa = PBXBuildFile; fileRef = 5C04397E2CE3084200BF35C0 /* FlashSaleCell.swift */; };
		5C0439812CE3086800BF35C0 /* FlashSaleViewModel.swift in Sources */ = {isa = PBXBuildFile; fileRef = 5C0439802CE3086800BF35C0 /* FlashSaleViewModel.swift */; };
		5C0439832CE30DA600BF35C0 /* CouponCell.swift in Sources */ = {isa = PBXBuildFile; fileRef = 5C0439822CE30DA600BF35C0 /* CouponCell.swift */; };
		5C0439852CE30DB500BF35C0 /* CouponViewModel.swift in Sources */ = {isa = PBXBuildFile; fileRef = 5C0439842CE30DB500BF35C0 /* CouponViewModel.swift */; };
		5C0439AB2CE4593200BF35C0 /* MallViewModel.swift in Sources */ = {isa = PBXBuildFile; fileRef = 5C0439AA2CE4593200BF35C0 /* MallViewModel.swift */; };
		5C0439AD2CE45AD600BF35C0 /* NavigationBarConfigurable.swift in Sources */ = {isa = PBXBuildFile; fileRef = 5C0439AC2CE45AD600BF35C0 /* NavigationBarConfigurable.swift */; };
		5C0439AF2CE45B4000BF35C0 /* BaseNavigationViewModel.swift in Sources */ = {isa = PBXBuildFile; fileRef = 5C0439AE2CE45B4000BF35C0 /* BaseNavigationViewModel.swift */; };
		5C8120C32CE1E4D200848A85 /* CategoryItem.swift in Sources */ = {isa = PBXBuildFile; fileRef = 5C8120C22CE1E4D200848A85 /* CategoryItem.swift */; };
		5C8120C52CE1E4FB00848A85 /* CategoryCollectionViewCell.swift in Sources */ = {isa = PBXBuildFile; fileRef = 5C8120C42CE1E4FB00848A85 /* CategoryCollectionViewCell.swift */; };
		5C8120C72CE1E53300848A85 /* CategoryTableViewCell.swift in Sources */ = {isa = PBXBuildFile; fileRef = 5C8120C62CE1E53300848A85 /* CategoryTableViewCell.swift */; };
		5C8120C92CE1E78400848A85 /* CategoryViewModel.swift in Sources */ = {isa = PBXBuildFile; fileRef = 5C8120C82CE1E78400848A85 /* CategoryViewModel.swift */; };
		5C8120CD2CE1FB6500848A85 /* MainTabBarController.swift in Sources */ = {isa = PBXBuildFile; fileRef = 5C8120CC2CE1FB6500848A85 /* MainTabBarController.swift */; };
		5C8120CF2CE1FE8300848A85 /* MallViewController.swift in Sources */ = {isa = PBXBuildFile; fileRef = 5C8120CE2CE1FE8300848A85 /* MallViewController.swift */; };
		5C8120D12CE1FE9500848A85 /* LiveViewController.swift in Sources */ = {isa = PBXBuildFile; fileRef = 5C8120D02CE1FE9500848A85 /* LiveViewController.swift */; };
		5C8120D32CE1FEA600848A85 /* NotificationViewController.swift in Sources */ = {isa = PBXBuildFile; fileRef = 5C8120D22CE1FEA600848A85 /* NotificationViewController.swift */; };
		5C8120D52CE1FEBA00848A85 /* ProfileTableViewController.swift in Sources */ = {isa = PBXBuildFile; fileRef = 5C8120D42CE1FEBA00848A85 /* ProfileTableViewController.swift */; };
		5C8120D62CE2076A00848A85 /* ShopHomeViewModel.swift in Sources */ = {isa = PBXBuildFile; fileRef = 5CD90F812CDCC5C200B9556C /* ShopHomeViewModel.swift */; };
		5CD90F6A2CDCBA4700B9556C /* AppDelegate.swift in Sources */ = {isa = PBXBuildFile; fileRef = 5CD90F692CDCBA4700B9556C /* AppDelegate.swift */; };
		5CD90F6C2CDCBA4700B9556C /* SceneDelegate.swift in Sources */ = {isa = PBXBuildFile; fileRef = 5CD90F6B2CDCBA4700B9556C /* SceneDelegate.swift */; };
		5CD90F6E2CDCBA4700B9556C /* ShopHomeTableViewController.swift in Sources */ = {isa = PBXBuildFile; fileRef = 5CD90F6D2CDCBA4700B9556C /* ShopHomeTableViewController.swift */; };
		5CD90F732CDCBA4900B9556C /* Assets.xcassets in Resources */ = {isa = PBXBuildFile; fileRef = 5CD90F722CDCBA4900B9556C /* Assets.xcassets */; };
		5CD90F762CDCBA4900B9556C /* Base in Resources */ = {isa = PBXBuildFile; fileRef = 5CD90F752CDCBA4900B9556C /* Base */; };
		5CD90F7F2CDCC59500B9556C /* Product.swift in Sources */ = {isa = PBXBuildFile; fileRef = 5CD90F7E2CDCC59500B9556C /* Product.swift */; };
		5CD90F8B2CDCC6DB00B9556C /* ShopeeAPIService.swift in Sources */ = {isa = PBXBuildFile; fileRef = 5CD90F8A2CDCC6DB00B9556C /* ShopeeAPIService.swift */; };
		5CD90F8E2CDDCAE100B9556C /* NetworkError.swift in Sources */ = {isa = PBXBuildFile; fileRef = 5CD90F8D2CDDCAE100B9556C /* NetworkError.swift */; };
		5CD90FCA2CDDDC1600B9556C /* BannerCell.swift in Sources */ = {isa = PBXBuildFile; fileRef = 5CD90FC92CDDDC1600B9556C /* BannerCell.swift */; };
		5CD90FCC2CDDDC4100B9556C /* BannerItemCell.swift in Sources */ = {isa = PBXBuildFile; fileRef = 5CD90FCB2CDDDC4100B9556C /* BannerItemCell.swift */; };
		5CD90FCE2CDDDC7C00B9556C /* BannerItem.swift in Sources */ = {isa = PBXBuildFile; fileRef = 5CD90FCD2CDDDC7C00B9556C /* BannerItem.swift */; };
/* End PBXBuildFile section */

/* Begin PBXFileReference section */
		5C0439762CE27A0200BF35C0 /* CustomNavBar.swift */ = {isa = PBXFileReference; lastKnownFileType = sourcecode.swift; path = CustomNavBar.swift; sourceTree = "<group>"; };
		5C04397E2CE3084200BF35C0 /* FlashSaleCell.swift */ = {isa = PBXFileReference; lastKnownFileType = sourcecode.swift; path = FlashSaleCell.swift; sourceTree = "<group>"; };
		5C0439802CE3086800BF35C0 /* FlashSaleViewModel.swift */ = {isa = PBXFileReference; lastKnownFileType = sourcecode.swift; path = FlashSaleViewModel.swift; sourceTree = "<group>"; };
		5C0439822CE30DA600BF35C0 /* CouponCell.swift */ = {isa = PBXFileReference; lastKnownFileType = sourcecode.swift; path = CouponCell.swift; sourceTree = "<group>"; };
		5C0439842CE30DB500BF35C0 /* CouponViewModel.swift */ = {isa = PBXFileReference; lastKnownFileType = sourcecode.swift; path = CouponViewModel.swift; sourceTree = "<group>"; };
		5C0439AA2CE4593200BF35C0 /* MallViewModel.swift */ = {isa = PBXFileReference; lastKnownFileType = sourcecode.swift; path = MallViewModel.swift; sourceTree = "<group>"; };
		5C0439AC2CE45AD600BF35C0 /* NavigationBarConfigurable.swift */ = {isa = PBXFileReference; lastKnownFileType = sourcecode.swift; path = NavigationBarConfigurable.swift; sourceTree = "<group>"; };
		5C0439AE2CE45B4000BF35C0 /* BaseNavigationViewModel.swift */ = {isa = PBXFileReference; lastKnownFileType = sourcecode.swift; path = BaseNavigationViewModel.swift; sourceTree = "<group>"; };
		5C8120C22CE1E4D200848A85 /* CategoryItem.swift */ = {isa = PBXFileReference; lastKnownFileType = sourcecode.swift; path = CategoryItem.swift; sourceTree = "<group>"; };
		5C8120C42CE1E4FB00848A85 /* CategoryCollectionViewCell.swift */ = {isa = PBXFileReference; lastKnownFileType = sourcecode.swift; path = CategoryCollectionViewCell.swift; sourceTree = "<group>"; };
		5C8120C62CE1E53300848A85 /* CategoryTableViewCell.swift */ = {isa = PBXFileReference; lastKnownFileType = sourcecode.swift; path = CategoryTableViewCell.swift; sourceTree = "<group>"; };
		5C8120C82CE1E78400848A85 /* CategoryViewModel.swift */ = {isa = PBXFileReference; lastKnownFileType = sourcecode.swift; path = CategoryViewModel.swift; sourceTree = "<group>"; };
		5C8120CC2CE1FB6500848A85 /* MainTabBarController.swift */ = {isa = PBXFileReference; lastKnownFileType = sourcecode.swift; path = MainTabBarController.swift; sourceTree = "<group>"; };
		5C8120CE2CE1FE8300848A85 /* MallViewController.swift */ = {isa = PBXFileReference; lastKnownFileType = sourcecode.swift; path = MallViewController.swift; sourceTree = "<group>"; };
		5C8120D02CE1FE9500848A85 /* LiveViewController.swift */ = {isa = PBXFileReference; lastKnownFileType = sourcecode.swift; path = LiveViewController.swift; sourceTree = "<group>"; };
		5C8120D22CE1FEA600848A85 /* NotificationViewController.swift */ = {isa = PBXFileReference; lastKnownFileType = sourcecode.swift; path = NotificationViewController.swift; sourceTree = "<group>"; };
		5C8120D42CE1FEBA00848A85 /* ProfileTableViewController.swift */ = {isa = PBXFileReference; lastKnownFileType = sourcecode.swift; path = ProfileTableViewController.swift; sourceTree = "<group>"; };
		5CD90F662CDCBA4700B9556C /* ShopeeApiToMVVM.app */ = {isa = PBXFileReference; explicitFileType = wrapper.application; includeInIndex = 0; path = ShopeeApiToMVVM.app; sourceTree = BUILT_PRODUCTS_DIR; };
		5CD90F692CDCBA4700B9556C /* AppDelegate.swift */ = {isa = PBXFileReference; lastKnownFileType = sourcecode.swift; path = AppDelegate.swift; sourceTree = "<group>"; };
		5CD90F6B2CDCBA4700B9556C /* SceneDelegate.swift */ = {isa = PBXFileReference; lastKnownFileType = sourcecode.swift; path = SceneDelegate.swift; sourceTree = "<group>"; };
		5CD90F6D2CDCBA4700B9556C /* ShopHomeTableViewController.swift */ = {isa = PBXFileReference; lastKnownFileType = sourcecode.swift; path = ShopHomeTableViewController.swift; sourceTree = "<group>"; };
		5CD90F722CDCBA4900B9556C /* Assets.xcassets */ = {isa = PBXFileReference; lastKnownFileType = folder.assetcatalog; path = Assets.xcassets; sourceTree = "<group>"; };
		5CD90F752CDCBA4900B9556C /* Base */ = {isa = PBXFileReference; lastKnownFileType = file.storyboard; name = Base; path = Base.lproj/LaunchScreen.storyboard; sourceTree = "<group>"; };
		5CD90F772CDCBA4900B9556C /* Info.plist */ = {isa = PBXFileReference; lastKnownFileType = text.plist.xml; path = Info.plist; sourceTree = "<group>"; };
		5CD90F7E2CDCC59500B9556C /* Product.swift */ = {isa = PBXFileReference; lastKnownFileType = sourcecode.swift; path = Product.swift; sourceTree = "<group>"; };
		5CD90F812CDCC5C200B9556C /* ShopHomeViewModel.swift */ = {isa = PBXFileReference; lastKnownFileType = sourcecode.swift; path = ShopHomeViewModel.swift; sourceTree = "<group>"; };
		5CD90F8A2CDCC6DB00B9556C /* ShopeeAPIService.swift */ = {isa = PBXFileReference; lastKnownFileType = sourcecode.swift; path = ShopeeAPIService.swift; sourceTree = "<group>"; };
		5CD90F8D2CDDCAE100B9556C /* NetworkError.swift */ = {isa = PBXFileReference; lastKnownFileType = sourcecode.swift; path = NetworkError.swift; sourceTree = "<group>"; };
		5CD90FC92CDDDC1600B9556C /* BannerCell.swift */ = {isa = PBXFileReference; lastKnownFileType = sourcecode.swift; path = BannerCell.swift; sourceTree = "<group>"; };
		5CD90FCB2CDDDC4100B9556C /* BannerItemCell.swift */ = {isa = PBXFileReference; lastKnownFileType = sourcecode.swift; path = BannerItemCell.swift; sourceTree = "<group>"; };
		5CD90FCD2CDDDC7C00B9556C /* BannerItem.swift */ = {isa = PBXFileReference; lastKnownFileType = sourcecode.swift; path = BannerItem.swift; sourceTree = "<group>"; };
/* End PBXFileReference section */

/* Begin PBXFrameworksBuildPhase section */
		5CD90F632CDCBA4700B9556C /* Frameworks */ = {
			isa = PBXFrameworksBuildPhase;
			buildActionMask = 2147483647;
			files = (
			);
			runOnlyForDeploymentPostprocessing = 0;
		};
/* End PBXFrameworksBuildPhase section */

/* Begin PBXGroup section */
		5C0439782CE3031F00BF35C0 /* Mall */ = {
			isa = PBXGroup;
			children = (
				5C0439792CE3032D00BF35C0 /* ViewModels */,
				5C04397A2CE3033800BF35C0 /* Views */,
				5C04397B2CE3034400BF35C0 /* Models */,
			);
			path = Mall;
			sourceTree = "<group>";
		};
		5C0439792CE3032D00BF35C0 /* ViewModels */ = {
			isa = PBXGroup;
			children = (
			);
			path = ViewModels;
			sourceTree = "<group>";
		};
		5C04397A2CE3033800BF35C0 /* Views */ = {
			isa = PBXGroup;
			children = (
				5C04397C2CE3035600BF35C0 /* Controller */,
				5C04397D2CE3036200BF35C0 /* Cell */,
			);
			path = Views;
			sourceTree = "<group>";
		};
		5C04397B2CE3034400BF35C0 /* Models */ = {
			isa = PBXGroup;
			children = (
			);
			path = Models;
			sourceTree = "<group>";
		};
		5C04397C2CE3035600BF35C0 /* Controller */ = {
			isa = PBXGroup;
			children = (
				5C8120CE2CE1FE8300848A85 /* MallViewController.swift */,
			);
			path = Controller;
			sourceTree = "<group>";
		};
		5C04397D2CE3036200BF35C0 /* Cell */ = {
			isa = PBXGroup;
			children = (
			);
			path = Cell;
			sourceTree = "<group>";
		};
		5CD90F5D2CDCBA4700B9556C = {
			isa = PBXGroup;
			children = (
				5CD90F692CDCBA4700B9556C /* AppDelegate.swift */,
				5CD90F6B2CDCBA4700B9556C /* SceneDelegate.swift */,
				5CD90F682CDCBA4700B9556C /* ShopeeApiToMVVM */,
				5CD90F672CDCBA4700B9556C /* Products */,
			);
			sourceTree = "<group>";
		};
		5CD90F672CDCBA4700B9556C /* Products */ = {
			isa = PBXGroup;
			children = (
				5CD90F662CDCBA4700B9556C /* ShopeeApiToMVVM.app */,
			);
			name = Products;
			sourceTree = "<group>";
		};
		5CD90F682CDCBA4700B9556C /* ShopeeApiToMVVM */ = {
			isa = PBXGroup;
			children = (
				5C0439762CE27A0200BF35C0 /* CustomNavBar.swift */,
				5C0439AC2CE45AD600BF35C0 /* NavigationBarConfigurable.swift */,
				5C0439AE2CE45B4000BF35C0 /* BaseNavigationViewModel.swift */,
				5CD90FC62CDDD81D00B9556C /* Services */,
				5CD90F7D2CDCC57500B9556C /* Model */,
				5CD90FC72CDDD85000B9556C /* Screens */,
				5CD90F722CDCBA4900B9556C /* Assets.xcassets */,
				5CD90F742CDCBA4900B9556C /* LaunchScreen.storyboard */,
				5CD90F772CDCBA4900B9556C /* Info.plist */,
			);
			path = ShopeeApiToMVVM;
			sourceTree = "<group>";
		};
		5CD90F7D2CDCC57500B9556C /* Model */ = {
			isa = PBXGroup;
			children = (
				5CD90F7E2CDCC59500B9556C /* Product.swift */,
				5CD90F8D2CDDCAE100B9556C /* NetworkError.swift */,
			);
			path = Model;
			sourceTree = "<group>";
		};
		5CD90F802CDCC5B400B9556C /* ViewModels */ = {
			isa = PBXGroup;
			children = (
				5CD90F812CDCC5C200B9556C /* ShopHomeViewModel.swift */,
				5C8120C82CE1E78400848A85 /* CategoryViewModel.swift */,
				5C0439802CE3086800BF35C0 /* FlashSaleViewModel.swift */,
				5C0439842CE30DB500BF35C0 /* CouponViewModel.swift */,
				5C0439AA2CE4593200BF35C0 /* MallViewModel.swift */,
			);
			path = ViewModels;
			sourceTree = "<group>";
		};
		5CD90F832CDCC60400B9556C /* Views */ = {
			isa = PBXGroup;
			children = (
				5CD90F842CDCC61000B9556C /* Controller */,
				5CD90F852CDCC61B00B9556C /* Cell */,
			);
			path = Views;
			sourceTree = "<group>";
		};
		5CD90F842CDCC61000B9556C /* Controller */ = {
			isa = PBXGroup;
			children = (
				5CD90F6D2CDCBA4700B9556C /* ShopHomeTableViewController.swift */,
			);
			path = Controller;
			sourceTree = "<group>";
		};
		5CD90F852CDCC61B00B9556C /* Cell */ = {
			isa = PBXGroup;
			children = (
				5CD90FC92CDDDC1600B9556C /* BannerCell.swift */,
				5CD90FCB2CDDDC4100B9556C /* BannerItemCell.swift */,
				5C8120C42CE1E4FB00848A85 /* CategoryCollectionViewCell.swift */,
				5C8120C62CE1E53300848A85 /* CategoryTableViewCell.swift */,
				5C04397E2CE3084200BF35C0 /* FlashSaleCell.swift */,
				5C0439822CE30DA600BF35C0 /* CouponCell.swift */,
			);
			path = Cell;
			sourceTree = "<group>";
		};
		5CD90F8C2CDCC6DF00B9556C /* Network */ = {
			isa = PBXGroup;
			children = (
				5CD90F8A2CDCC6DB00B9556C /* ShopeeAPIService.swift */,
			);
			path = Network;
			sourceTree = "<group>";
		};
		5CD90FC62CDDD81D00B9556C /* Services */ = {
			isa = PBXGroup;
			children = (
				5CD90F8C2CDCC6DF00B9556C /* Network */,
			);
			path = Services;
			sourceTree = "<group>";
		};
		5CD90FC72CDDD85000B9556C /* Screens */ = {
			isa = PBXGroup;
			children = (
				5C0439782CE3031F00BF35C0 /* Mall */,
				5CD90FC82CDDD8B300B9556C /* Home */,
				5C8120D02CE1FE9500848A85 /* LiveViewController.swift */,
				5C8120D22CE1FEA600848A85 /* NotificationViewController.swift */,
				5C8120D42CE1FEBA00848A85 /* ProfileTableViewController.swift */,
				5C8120CC2CE1FB6500848A85 /* MainTabBarController.swift */,
			);
			path = Screens;
			sourceTree = "<group>";
		};
		5CD90FC82CDDD8B300B9556C /* Home */ = {
			isa = PBXGroup;
			children = (
				5CD90F802CDCC5B400B9556C /* ViewModels */,
				5CD90F832CDCC60400B9556C /* Views */,
				5CD90FCF2CDDDC9200B9556C /* Models */,
			);
			path = Home;
			sourceTree = "<group>";
		};
		5CD90FCF2CDDDC9200B9556C /* Models */ = {
			isa = PBXGroup;
			children = (
				5CD90FCD2CDDDC7C00B9556C /* BannerItem.swift */,
				5C8120C22CE1E4D200848A85 /* CategoryItem.swift */,
			);
			path = Models;
			sourceTree = "<group>";
		};
/* End PBXGroup section */

/* Begin PBXNativeTarget section */
		5CD90F652CDCBA4700B9556C /* ShopeeApiToMVVM */ = {
			isa = PBXNativeTarget;
			buildConfigurationList = 5CD90F7A2CDCBA4900B9556C /* Build configuration list for PBXNativeTarget "ShopeeApiToMVVM" */;
			buildPhases = (
				5CD90F622CDCBA4700B9556C /* Sources */,
				5CD90F632CDCBA4700B9556C /* Frameworks */,
				5CD90F642CDCBA4700B9556C /* Resources */,
			);
			buildRules = (
			);
			dependencies = (
			);
			name = ShopeeApiToMVVM;
			productName = ShopeeApiToMVVM;
			productReference = 5CD90F662CDCBA4700B9556C /* ShopeeApiToMVVM.app */;
			productType = "com.apple.product-type.application";
		};
/* End PBXNativeTarget section */

/* Begin PBXProject section */
		5CD90F5E2CDCBA4700B9556C /* Project object */ = {
			isa = PBXProject;
			attributes = {
				BuildIndependentTargetsInParallel = 1;
				LastSwiftUpdateCheck = 1540;
				LastUpgradeCheck = 1540;
				TargetAttributes = {
					5CD90F652CDCBA4700B9556C = {
						CreatedOnToolsVersion = 15.4;
					};
				};
			};
			buildConfigurationList = 5CD90F612CDCBA4700B9556C /* Build configuration list for PBXProject "ShopeeApiToMVVM" */;
			compatibilityVersion = "Xcode 14.0";
			developmentRegion = en;
			hasScannedForEncodings = 0;
			knownRegions = (
				en,
				Base,
			);
			mainGroup = 5CD90F5D2CDCBA4700B9556C;
			productRefGroup = 5CD90F672CDCBA4700B9556C /* Products */;
			projectDirPath = "";
			projectRoot = "";
			targets = (
				5CD90F652CDCBA4700B9556C /* ShopeeApiToMVVM */,
			);
		};
/* End PBXProject section */

/* Begin PBXResourcesBuildPhase section */
		5CD90F642CDCBA4700B9556C /* Resources */ = {
			isa = PBXResourcesBuildPhase;
			buildActionMask = 2147483647;
			files = (
				5CD90F732CDCBA4900B9556C /* Assets.xcassets in Resources */,
				5CD90F762CDCBA4900B9556C /* Base in Resources */,
			);
			runOnlyForDeploymentPostprocessing = 0;
		};
/* End PBXResourcesBuildPhase section */

/* Begin PBXSourcesBuildPhase section */
		5CD90F622CDCBA4700B9556C /* Sources */ = {
			isa = PBXSourcesBuildPhase;
			buildActionMask = 2147483647;
			files = (
				5C8120CF2CE1FE8300848A85 /* MallViewController.swift in Sources */,
				5C8120C52CE1E4FB00848A85 /* CategoryCollectionViewCell.swift in Sources */,
				5C0439AB2CE4593200BF35C0 /* MallViewModel.swift in Sources */,
				5C8120D52CE1FEBA00848A85 /* ProfileTableViewController.swift in Sources */,
				5CD90F8B2CDCC6DB00B9556C /* ShopeeAPIService.swift in Sources */,
				5CD90FCA2CDDDC1600B9556C /* BannerCell.swift in Sources */,
				5C0439832CE30DA600BF35C0 /* CouponCell.swift in Sources */,
				5CD90F6E2CDCBA4700B9556C /* ShopHomeTableViewController.swift in Sources */,
				5CD90F7F2CDCC59500B9556C /* Product.swift in Sources */,
				5C0439852CE30DB500BF35C0 /* CouponViewModel.swift in Sources */,
				5CD90FCE2CDDDC7C00B9556C /* BannerItem.swift in Sources */,
				5C8120C72CE1E53300848A85 /* CategoryTableViewCell.swift in Sources */,
				5C8120C92CE1E78400848A85 /* CategoryViewModel.swift in Sources */,
				5CD90F6A2CDCBA4700B9556C /* AppDelegate.swift in Sources */,
				5C8120D32CE1FEA600848A85 /* NotificationViewController.swift in Sources */,
				5C8120CD2CE1FB6500848A85 /* MainTabBarController.swift in Sources */,
				5CD90F8E2CDDCAE100B9556C /* NetworkError.swift in Sources */,
				5C0439812CE3086800BF35C0 /* FlashSaleViewModel.swift in Sources */,
				5C0439AD2CE45AD600BF35C0 /* NavigationBarConfigurable.swift in Sources */,
				5C8120D12CE1FE9500848A85 /* LiveViewController.swift in Sources */,
				5C8120C32CE1E4D200848A85 /* CategoryItem.swift in Sources */,
				5C0439772CE27A0200BF35C0 /* CustomNavBar.swift in Sources */,
				5C8120D62CE2076A00848A85 /* ShopHomeViewModel.swift in Sources */,
				5C0439AF2CE45B4000BF35C0 /* BaseNavigationViewModel.swift in Sources */,
				5CD90F6C2CDCBA4700B9556C /* SceneDelegate.swift in Sources */,
				5C04397F2CE3084200BF35C0 /* FlashSaleCell.swift in Sources */,
				5CD90FCC2CDDDC4100B9556C /* BannerItemCell.swift in Sources */,
			);
			runOnlyForDeploymentPostprocessing = 0;
		};
/* End PBXSourcesBuildPhase section */

/* Begin PBXVariantGroup section */
		5CD90F742CDCBA4900B9556C /* LaunchScreen.storyboard */ = {
			isa = PBXVariantGroup;
			children = (
				5CD90F752CDCBA4900B9556C /* Base */,
			);
			name = LaunchScreen.storyboard;
			sourceTree = "<group>";
		};
/* End PBXVariantGroup section */

/* Begin XCBuildConfiguration section */
		5CD90F782CDCBA4900B9556C /* Debug */ = {
			isa = XCBuildConfiguration;
			buildSettings = {
				ALWAYS_SEARCH_USER_PATHS = NO;
				ASSETCATALOG_COMPILER_GENERATE_SWIFT_ASSET_SYMBOL_EXTENSIONS = YES;
				CLANG_ANALYZER_NONNULL = YES;
				CLANG_ANALYZER_NUMBER_OBJECT_CONVERSION = YES_AGGRESSIVE;
				CLANG_CXX_LANGUAGE_STANDARD = "gnu++20";
				CLANG_ENABLE_MODULES = YES;
				CLANG_ENABLE_OBJC_ARC = YES;
				CLANG_ENABLE_OBJC_WEAK = YES;
				CLANG_WARN_BLOCK_CAPTURE_AUTORELEASING = YES;
				CLANG_WARN_BOOL_CONVERSION = YES;
				CLANG_WARN_COMMA = YES;
				CLANG_WARN_CONSTANT_CONVERSION = YES;
				CLANG_WARN_DEPRECATED_OBJC_IMPLEMENTATIONS = YES;
				CLANG_WARN_DIRECT_OBJC_ISA_USAGE = YES_ERROR;
				CLANG_WARN_DOCUMENTATION_COMMENTS = YES;
				CLANG_WARN_EMPTY_BODY = YES;
				CLANG_WARN_ENUM_CONVERSION = YES;
				CLANG_WARN_INFINITE_RECURSION = YES;
				CLANG_WARN_INT_CONVERSION = YES;
				CLANG_WARN_NON_LITERAL_NULL_CONVERSION = YES;
				CLANG_WARN_OBJC_IMPLICIT_RETAIN_SELF = YES;
				CLANG_WARN_OBJC_LITERAL_CONVERSION = YES;
				CLANG_WARN_OBJC_ROOT_CLASS = YES_ERROR;
				CLANG_WARN_QUOTED_INCLUDE_IN_FRAMEWORK_HEADER = YES;
				CLANG_WARN_RANGE_LOOP_ANALYSIS = YES;
				CLANG_WARN_STRICT_PROTOTYPES = YES;
				CLANG_WARN_SUSPICIOUS_MOVE = YES;
				CLANG_WARN_UNGUARDED_AVAILABILITY = YES_AGGRESSIVE;
				CLANG_WARN_UNREACHABLE_CODE = YES;
				CLANG_WARN__DUPLICATE_METHOD_MATCH = YES;
				COPY_PHASE_STRIP = NO;
				DEBUG_INFORMATION_FORMAT = dwarf;
				ENABLE_STRICT_OBJC_MSGSEND = YES;
				ENABLE_TESTABILITY = YES;
				ENABLE_USER_SCRIPT_SANDBOXING = YES;
				GCC_C_LANGUAGE_STANDARD = gnu17;
				GCC_DYNAMIC_NO_PIC = NO;
				GCC_NO_COMMON_BLOCKS = YES;
				GCC_OPTIMIZATION_LEVEL = 0;
				GCC_PREPROCESSOR_DEFINITIONS = (
					"DEBUG=1",
					"$(inherited)",
				);
				GCC_WARN_64_TO_32_BIT_CONVERSION = YES;
				GCC_WARN_ABOUT_RETURN_TYPE = YES_ERROR;
				GCC_WARN_UNDECLARED_SELECTOR = YES;
				GCC_WARN_UNINITIALIZED_AUTOS = YES_AGGRESSIVE;
				GCC_WARN_UNUSED_FUNCTION = YES;
				GCC_WARN_UNUSED_VARIABLE = YES;
				IPHONEOS_DEPLOYMENT_TARGET = 17.5;
				LOCALIZATION_PREFERS_STRING_CATALOGS = YES;
				MTL_ENABLE_DEBUG_INFO = INCLUDE_SOURCE;
				MTL_FAST_MATH = YES;
				ONLY_ACTIVE_ARCH = YES;
				SDKROOT = iphoneos;
				SWIFT_ACTIVE_COMPILATION_CONDITIONS = "DEBUG $(inherited)";
				SWIFT_OPTIMIZATION_LEVEL = "-Onone";
			};
			name = Debug;
		};
		5CD90F792CDCBA4900B9556C /* Release */ = {
			isa = XCBuildConfiguration;
			buildSettings = {
				ALWAYS_SEARCH_USER_PATHS = NO;
				ASSETCATALOG_COMPILER_GENERATE_SWIFT_ASSET_SYMBOL_EXTENSIONS = YES;
				CLANG_ANALYZER_NONNULL = YES;
				CLANG_ANALYZER_NUMBER_OBJECT_CONVERSION = YES_AGGRESSIVE;
				CLANG_CXX_LANGUAGE_STANDARD = "gnu++20";
				CLANG_ENABLE_MODULES = YES;
				CLANG_ENABLE_OBJC_ARC = YES;
				CLANG_ENABLE_OBJC_WEAK = YES;
				CLANG_WARN_BLOCK_CAPTURE_AUTORELEASING = YES;
				CLANG_WARN_BOOL_CONVERSION = YES;
				CLANG_WARN_COMMA = YES;
				CLANG_WARN_CONSTANT_CONVERSION = YES;
				CLANG_WARN_DEPRECATED_OBJC_IMPLEMENTATIONS = YES;
				CLANG_WARN_DIRECT_OBJC_ISA_USAGE = YES_ERROR;
				CLANG_WARN_DOCUMENTATION_COMMENTS = YES;
				CLANG_WARN_EMPTY_BODY = YES;
				CLANG_WARN_ENUM_CONVERSION = YES;
				CLANG_WARN_INFINITE_RECURSION = YES;
				CLANG_WARN_INT_CONVERSION = YES;
				CLANG_WARN_NON_LITERAL_NULL_CONVERSION = YES;
				CLANG_WARN_OBJC_IMPLICIT_RETAIN_SELF = YES;
				CLANG_WARN_OBJC_LITERAL_CONVERSION = YES;
				CLANG_WARN_OBJC_ROOT_CLASS = YES_ERROR;
				CLANG_WARN_QUOTED_INCLUDE_IN_FRAMEWORK_HEADER = YES;
				CLANG_WARN_RANGE_LOOP_ANALYSIS = YES;
				CLANG_WARN_STRICT_PROTOTYPES = YES;
				CLANG_WARN_SUSPICIOUS_MOVE = YES;
				CLANG_WARN_UNGUARDED_AVAILABILITY = YES_AGGRESSIVE;
				CLANG_WARN_UNREACHABLE_CODE = YES;
				CLANG_WARN__DUPLICATE_METHOD_MATCH = YES;
				COPY_PHASE_STRIP = NO;
				DEBUG_INFORMATION_FORMAT = "dwarf-with-dsym";
				ENABLE_NS_ASSERTIONS = NO;
				ENABLE_STRICT_OBJC_MSGSEND = YES;
				ENABLE_USER_SCRIPT_SANDBOXING = YES;
				GCC_C_LANGUAGE_STANDARD = gnu17;
				GCC_NO_COMMON_BLOCKS = YES;
				GCC_WARN_64_TO_32_BIT_CONVERSION = YES;
				GCC_WARN_ABOUT_RETURN_TYPE = YES_ERROR;
				GCC_WARN_UNDECLARED_SELECTOR = YES;
				GCC_WARN_UNINITIALIZED_AUTOS = YES_AGGRESSIVE;
				GCC_WARN_UNUSED_FUNCTION = YES;
				GCC_WARN_UNUSED_VARIABLE = YES;
				IPHONEOS_DEPLOYMENT_TARGET = 17.5;
				LOCALIZATION_PREFERS_STRING_CATALOGS = YES;
				MTL_ENABLE_DEBUG_INFO = NO;
				MTL_FAST_MATH = YES;
				SDKROOT = iphoneos;
				SWIFT_COMPILATION_MODE = wholemodule;
				VALIDATE_PRODUCT = YES;
			};
			name = Release;
		};
		5CD90F7B2CDCBA4900B9556C /* Debug */ = {
			isa = XCBuildConfiguration;
			buildSettings = {
				ASSETCATALOG_COMPILER_APPICON_NAME = AppIcon;
				ASSETCATALOG_COMPILER_GLOBAL_ACCENT_COLOR_NAME = AccentColor;
				CODE_SIGN_STYLE = Automatic;
				CURRENT_PROJECT_VERSION = 1;
				DEVELOPMENT_TEAM = M2MF9LH58A;
				GENERATE_INFOPLIST_FILE = YES;
				INFOPLIST_FILE = ShopeeApiToMVVM/Info.plist;
				INFOPLIST_KEY_UIApplicationSupportsIndirectInputEvents = YES;
				INFOPLIST_KEY_UILaunchStoryboardName = LaunchScreen;
				INFOPLIST_KEY_UISupportedInterfaceOrientations_iPad = "UIInterfaceOrientationPortrait UIInterfaceOrientationPortraitUpsideDown UIInterfaceOrientationLandscapeLeft UIInterfaceOrientationLandscapeRight";
				INFOPLIST_KEY_UISupportedInterfaceOrientations_iPhone = "UIInterfaceOrientationPortrait UIInterfaceOrientationLandscapeLeft UIInterfaceOrientationLandscapeRight";
				LD_RUNPATH_SEARCH_PATHS = (
					"$(inherited)",
					"@executable_path/Frameworks",
				);
				MARKETING_VERSION = 1.0;
				PRODUCT_BUNDLE_IDENTIFIER = com.Lydia.ShopeeApiToMVVM;
				PRODUCT_NAME = "$(TARGET_NAME)";
				SWIFT_EMIT_LOC_STRINGS = YES;
				SWIFT_VERSION = 5.0;
				TARGETED_DEVICE_FAMILY = "1,2";
			};
			name = Debug;
		};
		5CD90F7C2CDCBA4900B9556C /* Release */ = {
			isa = XCBuildConfiguration;
			buildSettings = {
				ASSETCATALOG_COMPILER_APPICON_NAME = AppIcon;
				ASSETCATALOG_COMPILER_GLOBAL_ACCENT_COLOR_NAME = AccentColor;
				CODE_SIGN_STYLE = Automatic;
				CURRENT_PROJECT_VERSION = 1;
				DEVELOPMENT_TEAM = M2MF9LH58A;
				GENERATE_INFOPLIST_FILE = YES;
				INFOPLIST_FILE = ShopeeApiToMVVM/Info.plist;
				INFOPLIST_KEY_UIApplicationSupportsIndirectInputEvents = YES;
				INFOPLIST_KEY_UILaunchStoryboardName = LaunchScreen;
				INFOPLIST_KEY_UISupportedInterfaceOrientations_iPad = "UIInterfaceOrientationPortrait UIInterfaceOrientationPortraitUpsideDown UIInterfaceOrientationLandscapeLeft UIInterfaceOrientationLandscapeRight";
				INFOPLIST_KEY_UISupportedInterfaceOrientations_iPhone = "UIInterfaceOrientationPortrait UIInterfaceOrientationLandscapeLeft UIInterfaceOrientationLandscapeRight";
				LD_RUNPATH_SEARCH_PATHS = (
					"$(inherited)",
					"@executable_path/Frameworks",
				);
				MARKETING_VERSION = 1.0;
				PRODUCT_BUNDLE_IDENTIFIER = com.Lydia.ShopeeApiToMVVM;
				PRODUCT_NAME = "$(TARGET_NAME)";
				SWIFT_EMIT_LOC_STRINGS = YES;
				SWIFT_VERSION = 5.0;
				TARGETED_DEVICE_FAMILY = "1,2";
			};
			name = Release;
		};
/* End XCBuildConfiguration section */

/* Begin XCConfigurationList section */
		5CD90F612CDCBA4700B9556C /* Build configuration list for PBXProject "ShopeeApiToMVVM" */ = {
			isa = XCConfigurationList;
			buildConfigurations = (
				5CD90F782CDCBA4900B9556C /* Debug */,
				5CD90F792CDCBA4900B9556C /* Release */,
			);
			defaultConfigurationIsVisible = 0;
			defaultConfigurationName = Release;
		};
		5CD90F7A2CDCBA4900B9556C /* Build configuration list for PBXNativeTarget "ShopeeApiToMVVM" */ = {
			isa = XCConfigurationList;
			buildConfigurations = (
				5CD90F7B2CDCBA4900B9556C /* Debug */,
				5CD90F7C2CDCBA4900B9556C /* Release */,
			);
			defaultConfigurationIsVisible = 0;
			defaultConfigurationName = Release;
		};
/* End XCConfigurationList section */
	};
	rootObject = 5CD90F5E2CDCBA4700B9556C /* Project object */;
}
